PODS:
  - MessageViewController (0.2.1)
  - PromiseKit (6.13.1):
    - PromiseKit/CorePromise (= 6.13.1)
    - PromiseKit/Foundation (= 6.13.1)
    - PromiseKit/UIKit (= 6.13.1)
  - PromiseKit/CorePromise (6.13.1)
  - PromiseKit/Foundation (6.13.1):
    - PromiseKit/CorePromise
  - PromiseKit/UIKit (6.13.1):
    - PromiseKit/CorePromise
  - Realm (5.0.3):
    - Realm/Headers (= 5.0.3)
  - Realm/Headers (5.0.3)
  - RealmSwift (5.0.3):
    - Realm (= 5.0.3)

DEPENDENCIES:
  - MessageViewController
  - PromiseKit (~> 6.8)
  - RealmSwift

SPEC REPOS:
  trunk:
    - MessageViewController
    - PromiseKit
    - Realm
    - RealmSwift

SPEC CHECKSUMS:
  MessageViewController: 63ef2719d82c91d949ad52e101f049028a5a0611
  PromiseKit: 28fda91c973cc377875d8c0ea4f973013c05b6db
  Realm: bfca1699b61b0b17c3a69ae0e648314eae91fbdb
  RealmSwift: 493c9f089cd3893b3959007973c0e4f640906ba0

PODFILE CHECKSUM: 80d64ea1e6ba7868cc26d80ed66250d9c38d4f33

COCOAPODS: 1.9.1
