PODS:
  - MessageViewController (0.2.1)
  - PromiseKit (6.13.1):
    - PromiseKit/CorePromise (= 6.13.1)
    - PromiseKit/Foundation (= 6.13.1)
    - PromiseKit/UIKit (= 6.13.1)
  - PromiseKit/CorePromise (6.13.1)
  - PromiseKit/Foundation (6.13.1):
    - PromiseKit/CorePromise
  - PromiseKit/UIKit (6.13.1):
    - PromiseKit/CorePromise

DEPENDENCIES:
  - MessageViewController
  - PromiseKit (~> 6.8)

SPEC REPOS:
  trunk:
    - MessageViewController
    - PromiseKit

SPEC CHECKSUMS:
  MessageViewController: 63ef2719d82c91d949ad52e101f049028a5a0611
  PromiseKit: 28fda91c973cc377875d8c0ea4f973013c05b6db

PODFILE CHECKSUM: 2b60996642e011ebb3528404ea4fe3932ce6920a

COCOAPODS: 1.9.1
