// !$*UTF8*$!
{
	archiveVersion = 1;
	classes = {
	};
	objectVersion = 51;
	objects = {

/* Begin PBXBuildFile section */
		0D4D4E0D24E43FCC0038A82C /* UIColor+Extensions.swift in Sources */ = {isa = PBXBuildFile; fileRef = 0D4D4E0C24E43FCC0038A82C /* UIColor+Extensions.swift */; };
		0D4D4E0F24E45D930038A82C /* ChatViewController.swift in Sources */ = {isa = PBXBuildFile; fileRef = 0D4D4E0E24E45D930038A82C /* ChatViewController.swift */; };
		0D711B6624E30663009AFB01 /* AppDelegate.swift in Sources */ = {isa = PBXBuildFile; fileRef = 0D711B6524E30663009AFB01 /* AppDelegate.swift */; };
		0D711B6F24E30666009AFB01 /* Assets.xcassets in Resources */ = {isa = PBXBuildFile; fileRef = 0D711B6E24E30666009AFB01 /* Assets.xcassets */; };
		0D711B7224E30666009AFB01 /* LaunchScreen.storyboard in Resources */ = {isa = PBXBuildFile; fileRef = 0D711B7024E30666009AFB01 /* LaunchScreen.storyboard */; };
		0D7C96A024E3ED7E00165291 /* String+Extensions.swift in Sources */ = {isa = PBXBuildFile; fileRef = 0D7C969F24E3ED7E00165291 /* String+Extensions.swift */; };
		0D7C96A324E3EDE600165291 /* NamesCreatorService.swift in Sources */ = {isa = PBXBuildFile; fileRef = 0D7C96A224E3EDE600165291 /* NamesCreatorService.swift */; };
		0D7C96A524E3F1E000165291 /* ContactsCreatorService.swift in Sources */ = {isa = PBXBuildFile; fileRef = 0D7C96A424E3F1E000165291 /* ContactsCreatorService.swift */; };
		0D7C96A824E3F2BC00165291 /* Contact.swift in Sources */ = {isa = PBXBuildFile; fileRef = 0D7C96A724E3F2BC00165291 /* Contact.swift */; };
		0D93C1DE24E3095900AC44F3 /* ContactsViewController.swift in Sources */ = {isa = PBXBuildFile; fileRef = 0D93C1DD24E3095900AC44F3 /* ContactsViewController.swift */; };
		0D93C1E324E3145F00AC44F3 /* ContactTableViewCell.swift in Sources */ = {isa = PBXBuildFile; fileRef = 0D93C1E224E3145F00AC44F3 /* ContactTableViewCell.swift */; };
		0D96CDF924E6AE8E008BF9C7 /* Conversation.swift in Sources */ = {isa = PBXBuildFile; fileRef = 0D96CDF824E6AE8E008BF9C7 /* Conversation.swift */; };
		0D96CDFB24E6C29F008BF9C7 /* ConversationService.swift in Sources */ = {isa = PBXBuildFile; fileRef = 0D96CDFA24E6C29F008BF9C7 /* ConversationService.swift */; };
		0D96CDFD24E6DCC6008BF9C7 /* ContactsViewModel.swift in Sources */ = {isa = PBXBuildFile; fileRef = 0D96CDFC24E6DCC6008BF9C7 /* ContactsViewModel.swift */; };
		0D9E97DD24E91EF000606788 /* ChatViewModel.swift in Sources */ = {isa = PBXBuildFile; fileRef = 0D9E97DC24E91EF000606788 /* ChatViewModel.swift */; };
		0D9E97DF24E91F5000606788 /* ChatService.swift in Sources */ = {isa = PBXBuildFile; fileRef = 0D9E97DE24E91F5000606788 /* ChatService.swift */; };
		0D9E97E124E929C400606788 /* Date+Extensions.swift in Sources */ = {isa = PBXBuildFile; fileRef = 0D9E97E024E929C400606788 /* Date+Extensions.swift */; };
		0DDBA39424E7D76F00DFD415 /* loading.json in Resources */ = {isa = PBXBuildFile; fileRef = 0DDBA39324E7D76F00DFD415 /* loading.json */; };
		0DDBA39624E7D9B700DFD415 /* UIViewController+Extensions.swift in Sources */ = {isa = PBXBuildFile; fileRef = 0DDBA39524E7D9B700DFD415 /* UIViewController+Extensions.swift */; };
		0DDBA39824E7E64E00DFD415 /* MessagingService.swift in Sources */ = {isa = PBXBuildFile; fileRef = 0DDBA39724E7E64E00DFD415 /* MessagingService.swift */; };
		0DDBA39D24E7F56C00DFD415 /* Subject.swift in Sources */ = {isa = PBXBuildFile; fileRef = 0DDBA39C24E7F56C00DFD415 /* Subject.swift */; };
		0DDBA3A124E7FB6F00DFD415 /* Observer.swift in Sources */ = {isa = PBXBuildFile; fileRef = 0DDBA3A024E7FB6F00DFD415 /* Observer.swift */; };
		0DDBA3A424E8296D00DFD415 /* LoadingViewController.swift in Sources */ = {isa = PBXBuildFile; fileRef = 0DDBA3A324E8296D00DFD415 /* LoadingViewController.swift */; };
		0DDBA3A824E853B600DFD415 /* loading2.json in Resources */ = {isa = PBXBuildFile; fileRef = 0DDBA3A724E853B500DFD415 /* loading2.json */; };
		0DF70F4924E45F06003A0963 /* MessageTableViewCell.swift in Sources */ = {isa = PBXBuildFile; fileRef = 0DF70F4824E45F06003A0963 /* MessageTableViewCell.swift */; };
		0DF70F4B24E46BA5003A0963 /* ChatMessage.swift in Sources */ = {isa = PBXBuildFile; fileRef = 0DF70F4A24E46BA5003A0963 /* ChatMessage.swift */; };
		5FCC4C57237917CF5541EBA3 /* Pods_TotersChat.framework in Frameworks */ = {isa = PBXBuildFile; fileRef = 41BC3582ECB1D245F209B49D /* Pods_TotersChat.framework */; };
/* End PBXBuildFile section */

/* Begin PBXFileReference section */
		0D4D4E0C24E43FCC0038A82C /* UIColor+Extensions.swift */ = {isa = PBXFileReference; lastKnownFileType = sourcecode.swift; path = "UIColor+Extensions.swift"; sourceTree = "<group>"; };
		0D4D4E0E24E45D930038A82C /* ChatViewController.swift */ = {isa = PBXFileReference; lastKnownFileType = sourcecode.swift; path = ChatViewController.swift; sourceTree = "<group>"; };
		0D711B6224E30662009AFB01 /* TotersChat.app */ = {isa = PBXFileReference; explicitFileType = wrapper.application; includeInIndex = 0; path = TotersChat.app; sourceTree = BUILT_PRODUCTS_DIR; };
		0D711B6524E30663009AFB01 /* AppDelegate.swift */ = {isa = PBXFileReference; lastKnownFileType = sourcecode.swift; path = AppDelegate.swift; sourceTree = "<group>"; };
		0D711B6E24E30666009AFB01 /* Assets.xcassets */ = {isa = PBXFileReference; lastKnownFileType = folder.assetcatalog; path = Assets.xcassets; sourceTree = "<group>"; };
		0D711B7124E30666009AFB01 /* Base */ = {isa = PBXFileReference; lastKnownFileType = file.storyboard; name = Base; path = Base.lproj/LaunchScreen.storyboard; sourceTree = "<group>"; };
		0D711B7324E30666009AFB01 /* Info.plist */ = {isa = PBXFileReference; lastKnownFileType = text.plist.xml; path = Info.plist; sourceTree = "<group>"; };
		0D7C969F24E3ED7E00165291 /* String+Extensions.swift */ = {isa = PBXFileReference; lastKnownFileType = sourcecode.swift; path = "String+Extensions.swift"; sourceTree = "<group>"; };
		0D7C96A224E3EDE600165291 /* NamesCreatorService.swift */ = {isa = PBXFileReference; lastKnownFileType = sourcecode.swift; path = NamesCreatorService.swift; sourceTree = "<group>"; };
		0D7C96A424E3F1E000165291 /* ContactsCreatorService.swift */ = {isa = PBXFileReference; lastKnownFileType = sourcecode.swift; path = ContactsCreatorService.swift; sourceTree = "<group>"; };
		0D7C96A724E3F2BC00165291 /* Contact.swift */ = {isa = PBXFileReference; lastKnownFileType = sourcecode.swift; path = Contact.swift; sourceTree = "<group>"; };
		0D93C1DD24E3095900AC44F3 /* ContactsViewController.swift */ = {isa = PBXFileReference; lastKnownFileType = sourcecode.swift; path = ContactsViewController.swift; sourceTree = "<group>"; };
		0D93C1E224E3145F00AC44F3 /* ContactTableViewCell.swift */ = {isa = PBXFileReference; lastKnownFileType = sourcecode.swift; path = ContactTableViewCell.swift; sourceTree = "<group>"; };
		0D96CDF824E6AE8E008BF9C7 /* Conversation.swift */ = {isa = PBXFileReference; lastKnownFileType = sourcecode.swift; path = Conversation.swift; sourceTree = "<group>"; };
		0D96CDFA24E6C29F008BF9C7 /* ConversationService.swift */ = {isa = PBXFileReference; lastKnownFileType = sourcecode.swift; path = ConversationService.swift; sourceTree = "<group>"; };
		0D96CDFC24E6DCC6008BF9C7 /* ContactsViewModel.swift */ = {isa = PBXFileReference; lastKnownFileType = sourcecode.swift; path = ContactsViewModel.swift; sourceTree = "<group>"; };
		0D9E97DC24E91EF000606788 /* ChatViewModel.swift */ = {isa = PBXFileReference; lastKnownFileType = sourcecode.swift; path = ChatViewModel.swift; sourceTree = "<group>"; };
		0D9E97DE24E91F5000606788 /* ChatService.swift */ = {isa = PBXFileReference; lastKnownFileType = sourcecode.swift; path = ChatService.swift; sourceTree = "<group>"; };
		0D9E97E024E929C400606788 /* Date+Extensions.swift */ = {isa = PBXFileReference; lastKnownFileType = sourcecode.swift; path = "Date+Extensions.swift"; sourceTree = "<group>"; };
		0DDBA39324E7D76F00DFD415 /* loading.json */ = {isa = PBXFileReference; fileEncoding = 4; lastKnownFileType = text.json; path = loading.json; sourceTree = "<group>"; };
		0DDBA39524E7D9B700DFD415 /* UIViewController+Extensions.swift */ = {isa = PBXFileReference; lastKnownFileType = sourcecode.swift; path = "UIViewController+Extensions.swift"; sourceTree = "<group>"; };
		0DDBA39724E7E64E00DFD415 /* MessagingService.swift */ = {isa = PBXFileReference; lastKnownFileType = sourcecode.swift; path = MessagingService.swift; sourceTree = "<group>"; };
		0DDBA39C24E7F56C00DFD415 /* Subject.swift */ = {isa = PBXFileReference; lastKnownFileType = sourcecode.swift; path = Subject.swift; sourceTree = "<group>"; };
		0DDBA3A024E7FB6F00DFD415 /* Observer.swift */ = {isa = PBXFileReference; lastKnownFileType = sourcecode.swift; path = Observer.swift; sourceTree = "<group>"; };
		0DDBA3A324E8296D00DFD415 /* LoadingViewController.swift */ = {isa = PBXFileReference; lastKnownFileType = sourcecode.swift; path = LoadingViewController.swift; sourceTree = "<group>"; };
		0DDBA3A624E84FE600DFD415 /* Header.h */ = {isa = PBXFileReference; lastKnownFileType = sourcecode.c.h; path = Header.h; sourceTree = "<group>"; };
		0DDBA3A724E853B500DFD415 /* loading2.json */ = {isa = PBXFileReference; fileEncoding = 4; lastKnownFileType = text.json; path = loading2.json; sourceTree = "<group>"; };
		0DF70F4824E45F06003A0963 /* MessageTableViewCell.swift */ = {isa = PBXFileReference; lastKnownFileType = sourcecode.swift; path = MessageTableViewCell.swift; sourceTree = "<group>"; };
		0DF70F4A24E46BA5003A0963 /* ChatMessage.swift */ = {isa = PBXFileReference; lastKnownFileType = sourcecode.swift; path = ChatMessage.swift; sourceTree = "<group>"; };
		41BC3582ECB1D245F209B49D /* Pods_TotersChat.framework */ = {isa = PBXFileReference; explicitFileType = wrapper.framework; includeInIndex = 0; path = Pods_TotersChat.framework; sourceTree = BUILT_PRODUCTS_DIR; };
		5911C6A5A8124C5FE3ECB1CC /* Pods-TotersChat.release.xcconfig */ = {isa = PBXFileReference; includeInIndex = 1; lastKnownFileType = text.xcconfig; name = "Pods-TotersChat.release.xcconfig"; path = "Target Support Files/Pods-TotersChat/Pods-TotersChat.release.xcconfig"; sourceTree = "<group>"; };
		BB9CF9D58D960AA69BFA0D7D /* Pods-TotersChat.debug.xcconfig */ = {isa = PBXFileReference; includeInIndex = 1; lastKnownFileType = text.xcconfig; name = "Pods-TotersChat.debug.xcconfig"; path = "Target Support Files/Pods-TotersChat/Pods-TotersChat.debug.xcconfig"; sourceTree = "<group>"; };
/* End PBXFileReference section */

/* Begin PBXFrameworksBuildPhase section */
		0D711B5F24E30662009AFB01 /* Frameworks */ = {
			isa = PBXFrameworksBuildPhase;
			buildActionMask = 2147483647;
			files = (
				5FCC4C57237917CF5541EBA3 /* Pods_TotersChat.framework in Frameworks */,
			);
			runOnlyForDeploymentPostprocessing = 0;
		};
/* End PBXFrameworksBuildPhase section */

/* Begin PBXGroup section */
		0D4D4DD924E430DB0038A82C /* Models */ = {
			isa = PBXGroup;
			children = (
				0D7C96A724E3F2BC00165291 /* Contact.swift */,
				0DF70F4A24E46BA5003A0963 /* ChatMessage.swift */,
				0D96CDF824E6AE8E008BF9C7 /* Conversation.swift */,
			);
			path = Models;
			sourceTree = "<group>";
		};
		0D711B5924E30662009AFB01 = {
			isa = PBXGroup;
			children = (
				0D711B6424E30662009AFB01 /* TotersChat */,
				0D711B6324E30662009AFB01 /* Products */,
				6D41F21FB97DA55EDD1D8FBD /* Pods */,
				37D65186CA1EA61CD92A88B9 /* Frameworks */,
			);
			sourceTree = "<group>";
		};
		0D711B6324E30662009AFB01 /* Products */ = {
			isa = PBXGroup;
			children = (
				0D711B6224E30662009AFB01 /* TotersChat.app */,
			);
			name = Products;
			sourceTree = "<group>";
		};
		0D711B6424E30662009AFB01 /* TotersChat */ = {
			isa = PBXGroup;
			children = (
				0DDBA3A524E84FC700DFD415 /* Resources */,
				0DDBA39924E7F28A00DFD415 /* Helpers */,
				0D4D4DD924E430DB0038A82C /* Models */,
				0D7C96A124E3EDC700165291 /* Services */,
				0D93C1DF24E30D0700AC44F3 /* Extensions */,
				0D93C1DA24E308FF00AC44F3 /* Screens */,
				0D711B6524E30663009AFB01 /* AppDelegate.swift */,
				0D711B6E24E30666009AFB01 /* Assets.xcassets */,
				0D711B7024E30666009AFB01 /* LaunchScreen.storyboard */,
				0D711B7324E30666009AFB01 /* Info.plist */,
			);
			path = TotersChat;
			sourceTree = "<group>";
		};
		0D7C96A124E3EDC700165291 /* Services */ = {
			isa = PBXGroup;
			children = (
				0D7C96A224E3EDE600165291 /* NamesCreatorService.swift */,
				0D7C96A424E3F1E000165291 /* ContactsCreatorService.swift */,
				0D96CDFA24E6C29F008BF9C7 /* ConversationService.swift */,
				0DDBA39724E7E64E00DFD415 /* MessagingService.swift */,
				0D9E97DE24E91F5000606788 /* ChatService.swift */,
			);
			path = Services;
			sourceTree = "<group>";
		};
		0D93C1DA24E308FF00AC44F3 /* Screens */ = {
			isa = PBXGroup;
			children = (
				0DDBA3A224E8294E00DFD415 /* Loading */,
				0D93C1DC24E3090C00AC44F3 /* Contacts */,
				0D93C1DB24E3090500AC44F3 /* Chat */,
			);
			path = Screens;
			sourceTree = "<group>";
		};
		0D93C1DB24E3090500AC44F3 /* Chat */ = {
			isa = PBXGroup;
			children = (
				0D4D4E0E24E45D930038A82C /* ChatViewController.swift */,
				0DF70F4824E45F06003A0963 /* MessageTableViewCell.swift */,
				0D9E97DC24E91EF000606788 /* ChatViewModel.swift */,
			);
			path = Chat;
			sourceTree = "<group>";
		};
		0D93C1DC24E3090C00AC44F3 /* Contacts */ = {
			isa = PBXGroup;
			children = (
				0D93C1DD24E3095900AC44F3 /* ContactsViewController.swift */,
				0D93C1E224E3145F00AC44F3 /* ContactTableViewCell.swift */,
				0D96CDFC24E6DCC6008BF9C7 /* ContactsViewModel.swift */,
			);
			path = Contacts;
			sourceTree = "<group>";
		};
		0D93C1DF24E30D0700AC44F3 /* Extensions */ = {
			isa = PBXGroup;
			children = (
				0D7C969F24E3ED7E00165291 /* String+Extensions.swift */,
				0D4D4E0C24E43FCC0038A82C /* UIColor+Extensions.swift */,
				0DDBA39524E7D9B700DFD415 /* UIViewController+Extensions.swift */,
				0D9E97E024E929C400606788 /* Date+Extensions.swift */,
			);
			path = Extensions;
			sourceTree = "<group>";
		};
		0DDBA39924E7F28A00DFD415 /* Helpers */ = {
			isa = PBXGroup;
			children = (
				0DDBA39C24E7F56C00DFD415 /* Subject.swift */,
				0DDBA3A024E7FB6F00DFD415 /* Observer.swift */,
			);
			path = Helpers;
			sourceTree = "<group>";
		};
		0DDBA3A224E8294E00DFD415 /* Loading */ = {
			isa = PBXGroup;
			children = (
				0DDBA3A324E8296D00DFD415 /* LoadingViewController.swift */,
			);
			path = Loading;
			sourceTree = "<group>";
		};
		0DDBA3A524E84FC700DFD415 /* Resources */ = {
			isa = PBXGroup;
			children = (
				0DDBA3A624E84FE600DFD415 /* Header.h */,
				0DDBA39324E7D76F00DFD415 /* loading.json */,
				0DDBA3A724E853B500DFD415 /* loading2.json */,
			);
			path = Resources;
			sourceTree = "<group>";
		};
		37D65186CA1EA61CD92A88B9 /* Frameworks */ = {
			isa = PBXGroup;
			children = (
				41BC3582ECB1D245F209B49D /* Pods_TotersChat.framework */,
			);
			name = Frameworks;
			sourceTree = "<group>";
		};
		6D41F21FB97DA55EDD1D8FBD /* Pods */ = {
			isa = PBXGroup;
			children = (
				BB9CF9D58D960AA69BFA0D7D /* Pods-TotersChat.debug.xcconfig */,
				5911C6A5A8124C5FE3ECB1CC /* Pods-TotersChat.release.xcconfig */,
			);
			path = Pods;
			sourceTree = "<group>";
		};
/* End PBXGroup section */

/* Begin PBXNativeTarget section */
		0D711B6124E30662009AFB01 /* TotersChat */ = {
			isa = PBXNativeTarget;
			buildConfigurationList = 0D711B7624E30666009AFB01 /* Build configuration list for PBXNativeTarget "TotersChat" */;
			buildPhases = (
				77E950BD639ED2F27AF0EC82 /* [CP] Check Pods Manifest.lock */,
				0D711B5E24E30662009AFB01 /* Sources */,
				0D711B5F24E30662009AFB01 /* Frameworks */,
				0D711B6024E30662009AFB01 /* Resources */,
				C14579860E9831B4A62D4160 /* [CP] Embed Pods Frameworks */,
			);
			buildRules = (
			);
			dependencies = (
			);
			name = TotersChat;
			productName = TotersChat;
			productReference = 0D711B6224E30662009AFB01 /* TotersChat.app */;
			productType = "com.apple.product-type.application";
		};
/* End PBXNativeTarget section */

/* Begin PBXProject section */
		0D711B5A24E30662009AFB01 /* Project object */ = {
			isa = PBXProject;
			attributes = {
				LastSwiftUpdateCheck = 1150;
				LastUpgradeCheck = 1150;
				ORGANIZATIONNAME = "Husam Dayya";
				TargetAttributes = {
					0D711B6124E30662009AFB01 = {
						CreatedOnToolsVersion = 11.5;
					};
				};
			};
			buildConfigurationList = 0D711B5D24E30662009AFB01 /* Build configuration list for PBXProject "TotersChat" */;
			compatibilityVersion = "Xcode 9.3";
			developmentRegion = en;
			hasScannedForEncodings = 0;
			knownRegions = (
				en,
				Base,
			);
			mainGroup = 0D711B5924E30662009AFB01;
			productRefGroup = 0D711B6324E30662009AFB01 /* Products */;
			projectDirPath = "";
			projectRoot = "";
			targets = (
				0D711B6124E30662009AFB01 /* TotersChat */,
			);
		};
/* End PBXProject section */

/* Begin PBXResourcesBuildPhase section */
		0D711B6024E30662009AFB01 /* Resources */ = {
			isa = PBXResourcesBuildPhase;
			buildActionMask = 2147483647;
			files = (
				0D711B7224E30666009AFB01 /* LaunchScreen.storyboard in Resources */,
				0DDBA3A824E853B600DFD415 /* loading2.json in Resources */,
				0D711B6F24E30666009AFB01 /* Assets.xcassets in Resources */,
				0DDBA39424E7D76F00DFD415 /* loading.json in Resources */,
			);
			runOnlyForDeploymentPostprocessing = 0;
		};
/* End PBXResourcesBuildPhase section */

/* Begin PBXShellScriptBuildPhase section */
		77E950BD639ED2F27AF0EC82 /* [CP] Check Pods Manifest.lock */ = {
			isa = PBXShellScriptBuildPhase;
			buildActionMask = 2147483647;
			files = (
			);
			inputFileListPaths = (
			);
			inputPaths = (
				"${PODS_PODFILE_DIR_PATH}/Podfile.lock",
				"${PODS_ROOT}/Manifest.lock",
			);
			name = "[CP] Check Pods Manifest.lock";
			outputFileListPaths = (
			);
			outputPaths = (
				"$(DERIVED_FILE_DIR)/Pods-TotersChat-checkManifestLockResult.txt",
			);
			runOnlyForDeploymentPostprocessing = 0;
			shellPath = /bin/sh;
			shellScript = "diff \"${PODS_PODFILE_DIR_PATH}/Podfile.lock\" \"${PODS_ROOT}/Manifest.lock\" > /dev/null\nif [ $? != 0 ] ; then\n    # print error to STDERR\n    echo \"error: The sandbox is not in sync with the Podfile.lock. Run 'pod install' or update your CocoaPods installation.\" >&2\n    exit 1\nfi\n# This output is used by Xcode 'outputs' to avoid re-running this script phase.\necho \"SUCCESS\" > \"${SCRIPT_OUTPUT_FILE_0}\"\n";
			showEnvVarsInLog = 0;
		};
		C14579860E9831B4A62D4160 /* [CP] Embed Pods Frameworks */ = {
			isa = PBXShellScriptBuildPhase;
			buildActionMask = 2147483647;
			files = (
			);
			inputFileListPaths = (
				"${PODS_ROOT}/Target Support Files/Pods-TotersChat/Pods-TotersChat-frameworks-${CONFIGURATION}-input-files.xcfilelist",
			);
			name = "[CP] Embed Pods Frameworks";
			outputFileListPaths = (
				"${PODS_ROOT}/Target Support Files/Pods-TotersChat/Pods-TotersChat-frameworks-${CONFIGURATION}-output-files.xcfilelist",
			);
			runOnlyForDeploymentPostprocessing = 0;
			shellPath = /bin/sh;
			shellScript = "\"${PODS_ROOT}/Target Support Files/Pods-TotersChat/Pods-TotersChat-frameworks.sh\"\n";
			showEnvVarsInLog = 0;
		};
/* End PBXShellScriptBuildPhase section */

/* Begin PBXSourcesBuildPhase section */
		0D711B5E24E30662009AFB01 /* Sources */ = {
			isa = PBXSourcesBuildPhase;
			buildActionMask = 2147483647;
			files = (
				0DDBA39824E7E64E00DFD415 /* MessagingService.swift in Sources */,
				0D9E97E124E929C400606788 /* Date+Extensions.swift in Sources */,
				0DDBA3A124E7FB6F00DFD415 /* Observer.swift in Sources */,
				0D9E97DF24E91F5000606788 /* ChatService.swift in Sources */,
				0D96CDF924E6AE8E008BF9C7 /* Conversation.swift in Sources */,
				0D96CDFB24E6C29F008BF9C7 /* ConversationService.swift in Sources */,
				0D7C96A024E3ED7E00165291 /* String+Extensions.swift in Sources */,
				0D96CDFD24E6DCC6008BF9C7 /* ContactsViewModel.swift in Sources */,
				0D7C96A524E3F1E000165291 /* ContactsCreatorService.swift in Sources */,
				0D7C96A324E3EDE600165291 /* NamesCreatorService.swift in Sources */,
				0DF70F4924E45F06003A0963 /* MessageTableViewCell.swift in Sources */,
				0DDBA39624E7D9B700DFD415 /* UIViewController+Extensions.swift in Sources */,
				0D4D4E0D24E43FCC0038A82C /* UIColor+Extensions.swift in Sources */,
				0DDBA3A424E8296D00DFD415 /* LoadingViewController.swift in Sources */,
				0D93C1E324E3145F00AC44F3 /* ContactTableViewCell.swift in Sources */,
				0DF70F4B24E46BA5003A0963 /* ChatMessage.swift in Sources */,
				0D7C96A824E3F2BC00165291 /* Contact.swift in Sources */,
				0D711B6624E30663009AFB01 /* AppDelegate.swift in Sources */,
				0D4D4E0F24E45D930038A82C /* ChatViewController.swift in Sources */,
				0DDBA39D24E7F56C00DFD415 /* Subject.swift in Sources */,
				0D9E97DD24E91EF000606788 /* ChatViewModel.swift in Sources */,
				0D93C1DE24E3095900AC44F3 /* ContactsViewController.swift in Sources */,
			);
			runOnlyForDeploymentPostprocessing = 0;
		};
/* End PBXSourcesBuildPhase section */

/* Begin PBXVariantGroup section */
		0D711B7024E30666009AFB01 /* LaunchScreen.storyboard */ = {
			isa = PBXVariantGroup;
			children = (
				0D711B7124E30666009AFB01 /* Base */,
			);
			name = LaunchScreen.storyboard;
			sourceTree = "<group>";
		};
/* End PBXVariantGroup section */

/* Begin XCBuildConfiguration section */
		0D711B7424E30666009AFB01 /* Debug */ = {
			isa = XCBuildConfiguration;
			buildSettings = {
				ALWAYS_SEARCH_USER_PATHS = NO;
				CLANG_ANALYZER_NONNULL = YES;
				CLANG_ANALYZER_NUMBER_OBJECT_CONVERSION = YES_AGGRESSIVE;
				CLANG_CXX_LANGUAGE_STANDARD = "gnu++14";
				CLANG_CXX_LIBRARY = "libc++";
				CLANG_ENABLE_MODULES = YES;
				CLANG_ENABLE_OBJC_ARC = YES;
				CLANG_ENABLE_OBJC_WEAK = YES;
				CLANG_WARN_BLOCK_CAPTURE_AUTORELEASING = YES;
				CLANG_WARN_BOOL_CONVERSION = YES;
				CLANG_WARN_COMMA = YES;
				CLANG_WARN_CONSTANT_CONVERSION = YES;
				CLANG_WARN_DEPRECATED_OBJC_IMPLEMENTATIONS = YES;
				CLANG_WARN_DIRECT_OBJC_ISA_USAGE = YES_ERROR;
				CLANG_WARN_DOCUMENTATION_COMMENTS = YES;
				CLANG_WARN_EMPTY_BODY = YES;
				CLANG_WARN_ENUM_CONVERSION = YES;
				CLANG_WARN_INFINITE_RECURSION = YES;
				CLANG_WARN_INT_CONVERSION = YES;
				CLANG_WARN_NON_LITERAL_NULL_CONVERSION = YES;
				CLANG_WARN_OBJC_IMPLICIT_RETAIN_SELF = YES;
				CLANG_WARN_OBJC_LITERAL_CONVERSION = YES;
				CLANG_WARN_OBJC_ROOT_CLASS = YES_ERROR;
				CLANG_WARN_RANGE_LOOP_ANALYSIS = YES;
				CLANG_WARN_STRICT_PROTOTYPES = YES;
				CLANG_WARN_SUSPICIOUS_MOVE = YES;
				CLANG_WARN_UNGUARDED_AVAILABILITY = YES_AGGRESSIVE;
				CLANG_WARN_UNREACHABLE_CODE = YES;
				CLANG_WARN__DUPLICATE_METHOD_MATCH = YES;
				COPY_PHASE_STRIP = NO;
				DEBUG_INFORMATION_FORMAT = dwarf;
				ENABLE_STRICT_OBJC_MSGSEND = YES;
				ENABLE_TESTABILITY = YES;
				GCC_C_LANGUAGE_STANDARD = gnu11;
				GCC_DYNAMIC_NO_PIC = NO;
				GCC_NO_COMMON_BLOCKS = YES;
				GCC_OPTIMIZATION_LEVEL = 0;
				GCC_PREPROCESSOR_DEFINITIONS = (
					"DEBUG=1",
					"$(inherited)",
				);
				GCC_WARN_64_TO_32_BIT_CONVERSION = YES;
				GCC_WARN_ABOUT_RETURN_TYPE = YES_ERROR;
				GCC_WARN_UNDECLARED_SELECTOR = YES;
				GCC_WARN_UNINITIALIZED_AUTOS = YES_AGGRESSIVE;
				GCC_WARN_UNUSED_FUNCTION = YES;
				GCC_WARN_UNUSED_VARIABLE = YES;
				IPHONEOS_DEPLOYMENT_TARGET = 13.5;
				MTL_ENABLE_DEBUG_INFO = INCLUDE_SOURCE;
				MTL_FAST_MATH = YES;
				ONLY_ACTIVE_ARCH = YES;
				SDKROOT = iphoneos;
				SWIFT_ACTIVE_COMPILATION_CONDITIONS = DEBUG;
				SWIFT_OPTIMIZATION_LEVEL = "-Onone";
			};
			name = Debug;
		};
		0D711B7524E30666009AFB01 /* Release */ = {
			isa = XCBuildConfiguration;
			buildSettings = {
				ALWAYS_SEARCH_USER_PATHS = NO;
				CLANG_ANALYZER_NONNULL = YES;
				CLANG_ANALYZER_NUMBER_OBJECT_CONVERSION = YES_AGGRESSIVE;
				CLANG_CXX_LANGUAGE_STANDARD = "gnu++14";
				CLANG_CXX_LIBRARY = "libc++";
				CLANG_ENABLE_MODULES = YES;
				CLANG_ENABLE_OBJC_ARC = YES;
				CLANG_ENABLE_OBJC_WEAK = YES;
				CLANG_WARN_BLOCK_CAPTURE_AUTORELEASING = YES;
				CLANG_WARN_BOOL_CONVERSION = YES;
				CLANG_WARN_COMMA = YES;
				CLANG_WARN_CONSTANT_CONVERSION = YES;
				CLANG_WARN_DEPRECATED_OBJC_IMPLEMENTATIONS = YES;
				CLANG_WARN_DIRECT_OBJC_ISA_USAGE = YES_ERROR;
				CLANG_WARN_DOCUMENTATION_COMMENTS = YES;
				CLANG_WARN_EMPTY_BODY = YES;
				CLANG_WARN_ENUM_CONVERSION = YES;
				CLANG_WARN_INFINITE_RECURSION = YES;
				CLANG_WARN_INT_CONVERSION = YES;
				CLANG_WARN_NON_LITERAL_NULL_CONVERSION = YES;
				CLANG_WARN_OBJC_IMPLICIT_RETAIN_SELF = YES;
				CLANG_WARN_OBJC_LITERAL_CONVERSION = YES;
				CLANG_WARN_OBJC_ROOT_CLASS = YES_ERROR;
				CLANG_WARN_RANGE_LOOP_ANALYSIS = YES;
				CLANG_WARN_STRICT_PROTOTYPES = YES;
				CLANG_WARN_SUSPICIOUS_MOVE = YES;
				CLANG_WARN_UNGUARDED_AVAILABILITY = YES_AGGRESSIVE;
				CLANG_WARN_UNREACHABLE_CODE = YES;
				CLANG_WARN__DUPLICATE_METHOD_MATCH = YES;
				COPY_PHASE_STRIP = NO;
				DEBUG_INFORMATION_FORMAT = "dwarf-with-dsym";
				ENABLE_NS_ASSERTIONS = NO;
				ENABLE_STRICT_OBJC_MSGSEND = YES;
				GCC_C_LANGUAGE_STANDARD = gnu11;
				GCC_NO_COMMON_BLOCKS = YES;
				GCC_WARN_64_TO_32_BIT_CONVERSION = YES;
				GCC_WARN_ABOUT_RETURN_TYPE = YES_ERROR;
				GCC_WARN_UNDECLARED_SELECTOR = YES;
				GCC_WARN_UNINITIALIZED_AUTOS = YES_AGGRESSIVE;
				GCC_WARN_UNUSED_FUNCTION = YES;
				GCC_WARN_UNUSED_VARIABLE = YES;
				IPHONEOS_DEPLOYMENT_TARGET = 13.5;
				MTL_ENABLE_DEBUG_INFO = NO;
				MTL_FAST_MATH = YES;
				SDKROOT = iphoneos;
				SWIFT_COMPILATION_MODE = wholemodule;
				SWIFT_OPTIMIZATION_LEVEL = "-O";
				VALIDATE_PRODUCT = YES;
			};
			name = Release;
		};
		0D711B7724E30666009AFB01 /* Debug */ = {
			isa = XCBuildConfiguration;
			baseConfigurationReference = BB9CF9D58D960AA69BFA0D7D /* Pods-TotersChat.debug.xcconfig */;
			buildSettings = {
				ASSETCATALOG_COMPILER_APPICON_NAME = AppIcon;
				CODE_SIGN_STYLE = Automatic;
				DEVELOPMENT_TEAM = 6746ADB93S;
				INFOPLIST_FILE = TotersChat/Info.plist;
				LD_RUNPATH_SEARCH_PATHS = (
					"$(inherited)",
					"@executable_path/Frameworks",
				);
				PRODUCT_BUNDLE_IDENTIFIER = com.husam.TotersChat;
				PRODUCT_NAME = "$(TARGET_NAME)";
				SWIFT_VERSION = 5.0;
				TARGETED_DEVICE_FAMILY = 1;
			};
			name = Debug;
		};
		0D711B7824E30666009AFB01 /* Release */ = {
			isa = XCBuildConfiguration;
			baseConfigurationReference = 5911C6A5A8124C5FE3ECB1CC /* Pods-TotersChat.release.xcconfig */;
			buildSettings = {
				ASSETCATALOG_COMPILER_APPICON_NAME = AppIcon;
				CODE_SIGN_STYLE = Automatic;
				DEVELOPMENT_TEAM = 6746ADB93S;
				INFOPLIST_FILE = TotersChat/Info.plist;
				LD_RUNPATH_SEARCH_PATHS = (
					"$(inherited)",
					"@executable_path/Frameworks",
				);
				PRODUCT_BUNDLE_IDENTIFIER = com.husam.TotersChat;
				PRODUCT_NAME = "$(TARGET_NAME)";
				SWIFT_VERSION = 5.0;
				TARGETED_DEVICE_FAMILY = 1;
			};
			name = Release;
		};
/* End XCBuildConfiguration section */

/* Begin XCConfigurationList section */
		0D711B5D24E30662009AFB01 /* Build configuration list for PBXProject "TotersChat" */ = {
			isa = XCConfigurationList;
			buildConfigurations = (
				0D711B7424E30666009AFB01 /* Debug */,
				0D711B7524E30666009AFB01 /* Release */,
			);
			defaultConfigurationIsVisible = 0;
			defaultConfigurationName = Release;
		};
		0D711B7624E30666009AFB01 /* Build configuration list for PBXNativeTarget "TotersChat" */ = {
			isa = XCConfigurationList;
			buildConfigurations = (
				0D711B7724E30666009AFB01 /* Debug */,
				0D711B7824E30666009AFB01 /* Release */,
			);
			defaultConfigurationIsVisible = 0;
			defaultConfigurationName = Release;
		};
/* End XCConfigurationList section */
	};
	rootObject = 0D711B5A24E30662009AFB01 /* Project object */;
}
